
Microsoft Visual Studio Solution File, Format Version 12.00
# Visual Studio Version 17
VisualStudioVersion = 17.9.34723.18
MinimumVisualStudioVersion = 10.0.40219.1
Project("{FAE04EC0-301F-11D3-BF4B-00C04F79EFBC}") = "OnlineStore.API", "OnlineStore.API\OnlineStore.API.csproj", "{5F836A74-ED7C-4FAF-A95D-51F594CB2E5B}"
EndProject
Project("{FAE04EC0-301F-11D3-BF4B-00C04F79EFBC}") = "OnlineStore.Application", "OnlineStore.Application\OnlineStore.Application.csproj", "{AE9C892A-0828-43DE-95D3-7024175709B4}"
EndProject
Project("{FAE04EC0-301F-11D3-BF4B-00C04F79EFBC}") = "OnlineStore.Common", "OnlineStore.Common\OnlineStore.Common.csproj", "{CC05FD23-4738-477A-BA66-A0EE5A3F447B}"
EndProject
Project("{FAE04EC0-301F-11D3-BF4B-00C04F79EFBC}") = "OnlineStore.Domain", "OnlineStore.Domain\OnlineStore.Domain.csproj", "{7BE25DF4-AA97-48BE-AB6C-561F4C0DD4F0}"
EndProject
Project("{FAE04EC0-301F-11D3-BF4B-00C04F79EFBC}") = "OnlineStore.Infrastructure", "OnlineStore.Infrastructure\OnlineStore.Infrastructure.csproj", "{196CAE16-0B02-4972-AF45-B854F72AA9E4}"
EndProject
Global
	GlobalSection(SolutionConfigurationPlatforms) = preSolution
		Debug|Any CPU = Debug|Any CPU
		Release|Any CPU = Release|Any CPU
	EndGlobalSection
	GlobalSection(ProjectConfigurationPlatforms) = postSolution
		{5F836A74-ED7C-4FAF-A95D-51F594CB2E5B}.Debug|Any CPU.ActiveCfg = Debug|Any CPU
		{5F836A74-ED7C-4FAF-A95D-51F594CB2E5B}.Debug|Any CPU.Build.0 = Debug|Any CPU
		{5F836A74-ED7C-4FAF-A95D-51F594CB2E5B}.Release|Any CPU.ActiveCfg = Release|Any CPU
		{5F836A74-ED7C-4FAF-A95D-51F594CB2E5B}.Release|Any CPU.Build.0 = Release|Any CPU
		{AE9C892A-0828-43DE-95D3-7024175709B4}.Debug|Any CPU.ActiveCfg = Debug|Any CPU
		{AE9C892A-0828-43DE-95D3-7024175709B4}.Debug|Any CPU.Build.0 = Debug|Any CPU
		{AE9C892A-0828-43DE-95D3-7024175709B4}.Release|Any CPU.ActiveCfg = Release|Any CPU
		{AE9C892A-0828-43DE-95D3-7024175709B4}.Release|Any CPU.Build.0 = Release|Any CPU
		{CC05FD23-4738-477A-BA66-A0EE5A3F447B}.Debug|Any CPU.ActiveCfg = Debug|Any CPU
		{CC05FD23-4738-477A-BA66-A0EE5A3F447B}.Debug|Any CPU.Build.0 = Debug|Any CPU
		{CC05FD23-4738-477A-BA66-A0EE5A3F447B}.Release|Any CPU.ActiveCfg = Release|Any CPU
		{CC05FD23-4738-477A-BA66-A0EE5A3F447B}.Release|Any CPU.Build.0 = Release|Any CPU
		{7BE25DF4-AA97-48BE-AB6C-561F4C0DD4F0}.Debug|Any CPU.ActiveCfg = Debug|Any CPU
		{7BE25DF4-AA97-48BE-AB6C-561F4C0DD4F0}.Debug|Any CPU.Build.0 = Debug|Any CPU
		{7BE25DF4-AA97-48BE-AB6C-561F4C0DD4F0}.Release|Any CPU.ActiveCfg = Release|Any CPU
		{7BE25DF4-AA97-48BE-AB6C-561F4C0DD4F0}.Release|Any CPU.Build.0 = Release|Any CPU
		{196CAE16-0B02-4972-AF45-B854F72AA9E4}.Debug|Any CPU.ActiveCfg = Debug|Any CPU
		{196CAE16-0B02-4972-AF45-B854F72AA9E4}.Debug|Any CPU.Build.0 = Debug|Any CPU
		{196CAE16-0B02-4972-AF45-B854F72AA9E4}.Release|Any CPU.ActiveCfg = Release|Any CPU
		{196CAE16-0B02-4972-AF45-B854F72AA9E4}.Release|Any CPU.Build.0 = Release|Any CPU
	EndGlobalSection
	GlobalSection(SolutionProperties) = preSolution
		HideSolutionNode = FALSE
	EndGlobalSection
	GlobalSection(ExtensibilityGlobals) = postSolution
		SolutionGuid = {D90ED4B2-D08F-43A2-B796-DCA9E870474A}
	EndGlobalSection
EndGlobal
